
Microsoft Visual Studio Solution File, Format Version 11.00
# Visual Studio 2010
Project("{FAE04EC0-301F-11D3-BF4B-00C04F79EFBC}") = "AhmedGhamry_ConsoleApp", "AhmedGhamry_ConsoleApp\AhmedGhamry_ConsoleApp.csproj", "{036F5E4B-84E8-455F-A685-226C072AF077}"
EndProject
Project("{FAE04EC0-301F-11D3-BF4B-00C04F79EFBC}") = "AhmedGhamry_TestProject", "AhmedGhamry_TestProject\AhmedGhamry_TestProject.csproj", "{A2159572-427D-48B9-A689-BE6B39037440}"
EndProject
Project("{2150E333-8FDC-42A3-9474-1A3956D46DE8}") = "Solution Items", "Solution Items", "{80830BD3-8E47-4EA5-BB20-52F3F8611AB2}"
	ProjectSection(SolutionItems) = preProject
		AhmedGhamry_ConsoleApp.vsmdi = AhmedGhamry_ConsoleApp.vsmdi
		Local.testsettings = Local.testsettings
		TraceAndTestImpact.testsettings = TraceAndTestImpact.testsettings
	EndProjectSection
EndProject
Global
	GlobalSection(TestCaseManagementSettings) = postSolution
		CategoryFile = AhmedGhamry_ConsoleApp.vsmdi
	EndGlobalSection
	GlobalSection(SolutionConfigurationPlatforms) = preSolution
		Debug|Any CPU = Debug|Any CPU
		Debug|Mixed Platforms = Debug|Mixed Platforms
		Debug|x86 = Debug|x86
		Release|Any CPU = Release|Any CPU
		Release|Mixed Platforms = Release|Mixed Platforms
		Release|x86 = Release|x86
	EndGlobalSection
	GlobalSection(ProjectConfigurationPlatforms) = postSolution
		{036F5E4B-84E8-455F-A685-226C072AF077}.Debug|Any CPU.ActiveCfg = Debug|x86
		{036F5E4B-84E8-455F-A685-226C072AF077}.Debug|Mixed Platforms.ActiveCfg = Debug|x86
		{036F5E4B-84E8-455F-A685-226C072AF077}.Debug|Mixed Platforms.Build.0 = Debug|x86
		{036F5E4B-84E8-455F-A685-226C072AF077}.Debug|x86.ActiveCfg = Debug|x86
		{036F5E4B-84E8-455F-A685-226C072AF077}.Debug|x86.Build.0 = Debug|x86
		{036F5E4B-84E8-455F-A685-226C072AF077}.Release|Any CPU.ActiveCfg = Release|x86
		{036F5E4B-84E8-455F-A685-226C072AF077}.Release|Mixed Platforms.ActiveCfg = Release|x86
		{036F5E4B-84E8-455F-A685-226C072AF077}.Release|Mixed Platforms.Build.0 = Release|x86
		{036F5E4B-84E8-455F-A685-226C072AF077}.Release|x86.ActiveCfg = Release|x86
		{036F5E4B-84E8-455F-A685-226C072AF077}.Release|x86.Build.0 = Release|x86
		{A2159572-427D-48B9-A689-BE6B39037440}.Debug|Any CPU.ActiveCfg = Debug|Any CPU
		{A2159572-427D-48B9-A689-BE6B39037440}.Debug|Any CPU.Build.0 = Debug|Any CPU
		{A2159572-427D-48B9-A689-BE6B39037440}.Debug|Mixed Platforms.ActiveCfg = Debug|Any CPU
		{A2159572-427D-48B9-A689-BE6B39037440}.Debug|Mixed Platforms.Build.0 = Debug|Any CPU
		{A2159572-427D-48B9-A689-BE6B39037440}.Debug|x86.ActiveCfg = Debug|Any CPU
		{A2159572-427D-48B9-A689-BE6B39037440}.Release|Any CPU.ActiveCfg = Release|Any CPU
		{A2159572-427D-48B9-A689-BE6B39037440}.Release|Any CPU.Build.0 = Release|Any CPU
		{A2159572-427D-48B9-A689-BE6B39037440}.Release|Mixed Platforms.ActiveCfg = Release|Any CPU
		{A2159572-427D-48B9-A689-BE6B39037440}.Release|Mixed Platforms.Build.0 = Release|Any CPU
		{A2159572-427D-48B9-A689-BE6B39037440}.Release|x86.ActiveCfg = Release|Any CPU
	EndGlobalSection
	GlobalSection(SolutionProperties) = preSolution
		HideSolutionNode = FALSE
	EndGlobalSection
EndGlobal
